
Microsoft Visual Studio Solution File, Format Version 12.00
# Visual Studio Version 16
VisualStudioVersion = 16.0.31005.135
MinimumVisualStudioVersion = 10.0.40219.1
Project("{FAE04EC0-301F-11D3-BF4B-00C04F79EFBC}") = "ClientCFC-P4-086", "ClientCFC-P4-086\ClientCFC-P4-086.csproj", "{CC9A923E-FCC3-436B-A1FD-A85F5D1DFF36}"
EndProject
Global
	GlobalSection(SolutionConfigurationPlatforms) = preSolution
		Debug|Any CPU = Debug|Any CPU
		Release|Any CPU = Release|Any CPU
	EndGlobalSection
	GlobalSection(ProjectConfigurationPlatforms) = postSolution
		{CC9A923E-FCC3-436B-A1FD-A85F5D1DFF36}.Debug|Any CPU.ActiveCfg = Debug|Any CPU
		{CC9A923E-FCC3-436B-A1FD-A85F5D1DFF36}.Debug|Any CPU.Build.0 = Debug|Any CPU
		{CC9A923E-FCC3-436B-A1FD-A85F5D1DFF36}.Release|Any CPU.ActiveCfg = Release|Any CPU
		{CC9A923E-FCC3-436B-A1FD-A85F5D1DFF36}.Release|Any CPU.Build.0 = Release|Any CPU
	EndGlobalSection
	GlobalSection(SolutionProperties) = preSolution
		HideSolutionNode = FALSE
	EndGlobalSection
	GlobalSection(ExtensibilityGlobals) = postSolution
		SolutionGuid = {FD912E11-ABC4-46CF-8F8C-7946567DA064}
	EndGlobalSection
EndGlobal
